github.com/KononK/resize v0.0.0-20200801203131-21c514740ed6 h1:d0vrynsjC4pt17tdtKQhUiJy1YTh42sKn1V/MKcZjVA=
github.com/KononK/resize v0.0.0-20200801203131-21c514740ed6/go.mod h1:Ua4BTHG071aADTv7wWBDDDwhq+F9uKaqJkPIlYyMQ64=
github.com/daaku/swizzle v0.1.0 h1:vMk1/8r3Op6uFEwnkEl2VXhYhzuP7r5nyn9K0a37n0s=
github.com/daaku/swizzle v0.1.0/go.mod h1:Zg8GJjG0olazAPDfe1AaoTFTE+qnBQI3HE8nuwblS9M=
github.com/rajveermalviya/go-wayland/wayland v0.0.0-20230130181619-0ad78d1310b2 h1:tRhbehjSCwQSZL7A2AoZlKrDYhZzaPIAcpnhfaUc0Tw=
github.com/rajveermalviya/go-wayland/wayland v0.0.0-20230130181619-0ad78d1310b2/go.mod h1:PXhW/GoWcMBeiZ39ZdgoMs/xduJEEUE+kxUBB2Kwd+M=
github.com/veandco/go-sdl2 v0.4.40 h1:fZv6wC3zz1Xt167P09gazawnpa0KY5LM7JAvKpX9d/U=
github.com/veandco/go-sdl2 v0.4.40/go.mod h1:OROqMhHD43nT4/i9crJukyVecjPNYYuCofep6SNiAjY=
golang.org/x/image v0.30.0 h1:jD5RhkmVAnjqaCUXfbGBrn3lpxbknfN9w2UhHHU+5B4=
golang.org/x/image v0.30.0/go.mod h1:SAEUTxCCMWSrJcCy/4HwavEsfZZJlYxeHLc6tTiAe/c=
golang.org/x/sys v0.35.0 h1:vz1N37gP5bs89s7He8XuIYXpyY0+QlsKmzipCbUtyxI=
golang.org/x/sys v0.35.0/go.mod h1:BJP2sWEmIv4KK5OTEluFJCKSidICx8ciO85XgH3Ak8k=
golang.org/x/text v0.28.0 h1:rhazDwis8INMIwQ4tpjLDzUhx6RlXqZNPEM0huQojng=
golang.org/x/text v0.28.0/go.mod h1:U8nCwOR8jO/marOQ0QbDiOngZVEBB7MAiitBuMjXiNU=
